
Microsoft Visual Studio Solution File, Format Version 12.00
# Visual Studio Version 16
VisualStudioVersion = 16.0.29609.76
MinimumVisualStudioVersion = 10.0.40219.1
Project("{FAE04EC0-301F-11D3-BF4B-00C04F79EFBC}") = "ArknightsResourceTools-GUI", "ArknightsResourceTools-GUI\ArknightsResourceTools-GUI.csproj", "{61BE69F2-4966-4F7C-ACDB-9E97229A844D}"
EndProject
Global
	GlobalSection(SolutionConfigurationPlatforms) = preSolution
		Debug|Any CPU = Debug|Any CPU
		Release|Any CPU = Release|Any CPU
	EndGlobalSection
	GlobalSection(ProjectConfigurationPlatforms) = postSolution
		{61BE69F2-4966-4F7C-ACDB-9E97229A844D}.Debug|Any CPU.ActiveCfg = Debug|Any CPU
		{61BE69F2-4966-4F7C-ACDB-9E97229A844D}.Debug|Any CPU.Build.0 = Debug|Any CPU
		{61BE69F2-4966-4F7C-ACDB-9E97229A844D}.Release|Any CPU.ActiveCfg = Release|Any CPU
		{61BE69F2-4966-4F7C-ACDB-9E97229A844D}.Release|Any CPU.Build.0 = Release|Any CPU
	EndGlobalSection
	GlobalSection(SolutionProperties) = preSolution
		HideSolutionNode = FALSE
	EndGlobalSection
	GlobalSection(ExtensibilityGlobals) = postSolution
		SolutionGuid = {2FCDAB3B-CFB5-45F2-8FAD-49EDD3BCDCDF}
	EndGlobalSection
EndGlobal
