
Microsoft Visual Studio Solution File, Format Version 12.00
# Visual Studio Version 16
VisualStudioVersion = 16.0.29609.76
MinimumVisualStudioVersion = 10.0.40219.1
Project("{FAE04EC0-301F-11D3-BF4B-00C04F79EFBC}") = "ResourcesReleaseTool", "ResourcesReleaseTool\ResourcesReleaseTool.csproj", "{9CE5072F-2784-4770-88D6-C1970A5B75D8}"
EndProject
Project("{FAE04EC0-301F-11D3-BF4B-00C04F79EFBC}") = "ResourcesReleaseTool-GUI", "ResourcesReleaseTool-GUI\ResourcesReleaseTool-GUI.csproj", "{E7810E8A-2C17-4585-9A8D-A446DD867D12}"
	ProjectSection(ProjectDependencies) = postProject
		{9CE5072F-2784-4770-88D6-C1970A5B75D8} = {9CE5072F-2784-4770-88D6-C1970A5B75D8}
	EndProjectSection
EndProject
Project("{888888A0-9F3D-457C-B088-3A5042F75D52}") = "ChannelSynthesis", "ChannelSynthesis\ChannelSynthesis.pyproj", "{88A43737-E651-4DE6-A0B0-F9DFDBAF9951}"
EndProject
Project("{FAE04EC0-301F-11D3-BF4B-00C04F79EFBC}") = "ArknightsResourceTools-GUI", "ArknightsResourceTools-GUI\ArknightsResourceTools-GUI.csproj", "{4740280F-FA5C-44F6-8E80-3B07DE36A66A}"
	ProjectSection(ProjectDependencies) = postProject
		{9CE5072F-2784-4770-88D6-C1970A5B75D8} = {9CE5072F-2784-4770-88D6-C1970A5B75D8}
	EndProjectSection
EndProject
Global
	GlobalSection(SolutionConfigurationPlatforms) = preSolution
		Debug|Any CPU = Debug|Any CPU
		Release|Any CPU = Release|Any CPU
	EndGlobalSection
	GlobalSection(ProjectConfigurationPlatforms) = postSolution
		{9CE5072F-2784-4770-88D6-C1970A5B75D8}.Debug|Any CPU.ActiveCfg = Debug|Any CPU
		{9CE5072F-2784-4770-88D6-C1970A5B75D8}.Debug|Any CPU.Build.0 = Debug|Any CPU
		{9CE5072F-2784-4770-88D6-C1970A5B75D8}.Release|Any CPU.ActiveCfg = Release|Any CPU
		{9CE5072F-2784-4770-88D6-C1970A5B75D8}.Release|Any CPU.Build.0 = Release|Any CPU
		{E7810E8A-2C17-4585-9A8D-A446DD867D12}.Debug|Any CPU.ActiveCfg = Debug|Any CPU
		{E7810E8A-2C17-4585-9A8D-A446DD867D12}.Debug|Any CPU.Build.0 = Debug|Any CPU
		{E7810E8A-2C17-4585-9A8D-A446DD867D12}.Release|Any CPU.ActiveCfg = Release|Any CPU
		{E7810E8A-2C17-4585-9A8D-A446DD867D12}.Release|Any CPU.Build.0 = Release|Any CPU
		{88A43737-E651-4DE6-A0B0-F9DFDBAF9951}.Debug|Any CPU.ActiveCfg = Debug|Any CPU
		{88A43737-E651-4DE6-A0B0-F9DFDBAF9951}.Release|Any CPU.ActiveCfg = Release|Any CPU
		{4740280F-FA5C-44F6-8E80-3B07DE36A66A}.Debug|Any CPU.ActiveCfg = Debug|Any CPU
		{4740280F-FA5C-44F6-8E80-3B07DE36A66A}.Debug|Any CPU.Build.0 = Debug|Any CPU
		{4740280F-FA5C-44F6-8E80-3B07DE36A66A}.Release|Any CPU.ActiveCfg = Release|Any CPU
		{4740280F-FA5C-44F6-8E80-3B07DE36A66A}.Release|Any CPU.Build.0 = Release|Any CPU
	EndGlobalSection
	GlobalSection(SolutionProperties) = preSolution
		HideSolutionNode = FALSE
	EndGlobalSection
	GlobalSection(ExtensibilityGlobals) = postSolution
		SolutionGuid = {2FCDAB3B-CFB5-45F2-8FAD-49EDD3BCDCDF}
	EndGlobalSection
EndGlobal
